
Microsoft Visual Studio Solution File, Format Version 12.00
# Visual Studio 15
VisualStudioVersion = 15.0.26228.9
MinimumVisualStudioVersion = 10.0.40219.1
Project("{FAE04EC0-301F-11D3-BF4B-00C04F79EFBC}") = "Lockscreen", "Lockscreen\Lockscreen.csproj", "{D220E87F-2311-451F-8648-0ADD0ADD241B}"
EndProject
Project("{FAE04EC0-301F-11D3-BF4B-00C04F79EFBC}") = "authlib", "authlib\authlib.csproj", "{67609AA2-DFC2-4158-8D5C-B8A3955CAED0}"
EndProject
Project("{FAE04EC0-301F-11D3-BF4B-00C04F79EFBC}") = "Test", "Test\Test.csproj", "{896CFE84-5DA2-4306-A160-0AC50F068CF0}"
EndProject
Project("{FAE04EC0-301F-11D3-BF4B-00C04F79EFBC}") = "QRGen", "QRGen\QRGen.csproj", "{D3AB80A7-8F61-4A0B-A16E-08BFA45CFA37}"
EndProject
Project("{FAE04EC0-301F-11D3-BF4B-00C04F79EFBC}") = "QRTest", "QRTest\QRTest.csproj", "{BBE139FF-A508-48A8-B6AF-466654DFC232}"
EndProject
Global
	GlobalSection(SolutionConfigurationPlatforms) = preSolution
		Debug|Any CPU = Debug|Any CPU
		Release|Any CPU = Release|Any CPU
	EndGlobalSection
	GlobalSection(ProjectConfigurationPlatforms) = postSolution
		{D220E87F-2311-451F-8648-0ADD0ADD241B}.Debug|Any CPU.ActiveCfg = Debug|Any CPU
		{D220E87F-2311-451F-8648-0ADD0ADD241B}.Debug|Any CPU.Build.0 = Debug|Any CPU
		{D220E87F-2311-451F-8648-0ADD0ADD241B}.Release|Any CPU.ActiveCfg = Release|Any CPU
		{D220E87F-2311-451F-8648-0ADD0ADD241B}.Release|Any CPU.Build.0 = Release|Any CPU
		{67609AA2-DFC2-4158-8D5C-B8A3955CAED0}.Debug|Any CPU.ActiveCfg = Debug|Any CPU
		{67609AA2-DFC2-4158-8D5C-B8A3955CAED0}.Debug|Any CPU.Build.0 = Debug|Any CPU
		{67609AA2-DFC2-4158-8D5C-B8A3955CAED0}.Release|Any CPU.ActiveCfg = Release|Any CPU
		{67609AA2-DFC2-4158-8D5C-B8A3955CAED0}.Release|Any CPU.Build.0 = Release|Any CPU
		{896CFE84-5DA2-4306-A160-0AC50F068CF0}.Debug|Any CPU.ActiveCfg = Debug|Any CPU
		{896CFE84-5DA2-4306-A160-0AC50F068CF0}.Debug|Any CPU.Build.0 = Debug|Any CPU
		{896CFE84-5DA2-4306-A160-0AC50F068CF0}.Release|Any CPU.ActiveCfg = Release|Any CPU
		{896CFE84-5DA2-4306-A160-0AC50F068CF0}.Release|Any CPU.Build.0 = Release|Any CPU
		{D3AB80A7-8F61-4A0B-A16E-08BFA45CFA37}.Debug|Any CPU.ActiveCfg = Debug|Any CPU
		{D3AB80A7-8F61-4A0B-A16E-08BFA45CFA37}.Debug|Any CPU.Build.0 = Debug|Any CPU
		{D3AB80A7-8F61-4A0B-A16E-08BFA45CFA37}.Release|Any CPU.ActiveCfg = Release|Any CPU
		{D3AB80A7-8F61-4A0B-A16E-08BFA45CFA37}.Release|Any CPU.Build.0 = Release|Any CPU
		{BBE139FF-A508-48A8-B6AF-466654DFC232}.Debug|Any CPU.ActiveCfg = Debug|Any CPU
		{BBE139FF-A508-48A8-B6AF-466654DFC232}.Debug|Any CPU.Build.0 = Debug|Any CPU
		{BBE139FF-A508-48A8-B6AF-466654DFC232}.Release|Any CPU.ActiveCfg = Release|Any CPU
		{BBE139FF-A508-48A8-B6AF-466654DFC232}.Release|Any CPU.Build.0 = Release|Any CPU
	EndGlobalSection
	GlobalSection(SolutionProperties) = preSolution
		HideSolutionNode = FALSE
	EndGlobalSection
EndGlobal
